<?xml version="1.0" encoding="utf-8"?>
<Project ToolsVersion="4.0" xmlns="http://schemas.microsoft.com/developer/msbuild/2003">
  <ItemGroup>
    <Filter Include="Source Files">
      <UniqueIdentifier>{4FC737F1-C7A5-4376-A066-2A32D752A2FF}</UniqueIdentifier>
      <Extensions>cpp;c;cc;cxx;c++;cppm;ixx;def;odl;idl;hpj;bat;asm;asmx</Extensions>
    </Filter>
    <Filter Include="Header Files">
      <UniqueIdentifier>{93995380-89BD-4b04-88EB-625FBE52EBFB}</UniqueIdentifier>
      <Extensions>h;hh;hpp;hxx;h++;hm;inl;inc;ipp;xsd</Extensions>
    </Filter>
    <Filter Include="Resource Files">
      <UniqueIdentifier>{67DA6AB6-F800-4c08-8B7A-83BB121AAD01}</UniqueIdentifier>
      <Extensions>rc;ico;cur;bmp;dlg;rc2;rct;bin;rgs;gif;jpg;jpeg;jpe;resx;tiff;tif;png;wav;mfcribbon-ms</Extensions>
    </Filter>
  </ItemGroup>
  <ItemGroup>
    <ClCompile Include="main.cpp">
      <Filter>Source Files</Filter>
    </ClCompile>
    <ClCompile Include="stdafx.cpp">
      <Filter>Source Files</Filter>
    </ClCompile>
    <ClCompile Include="CDocumentTests.cpp">
      <Filter>Source Files</Filter>
    </ClCompile>
    <ClCompile Include="..\DocumentEditor\Document.cpp">
      <Filter>Source Files</Filter>
    </ClCompile>
    <ClCompile Include="..\DocumentEditor\History.cpp">
      <Filter>Source Files</Filter>
    </ClCompile>
    <ClCompile Include="..\DocumentEditor\ChangeStringCommand.cpp">
      <Filter>Source Files</Filter>
    </ClCompile>
    <ClCompile Include="..\DocumentEditor\AbstractCommand.cpp">
      <Filter>Source Files</Filter>
    </ClCompile>
    <ClCompile Include="CParagraphTests.cpp">
      <Filter>Source Files</Filter>
    </ClCompile>
    <ClCompile Include="..\DocumentEditor\Paragraph.cpp">
      <Filter>Source Files</Filter>
    </ClCompile>
    <ClCompile Include="ImageTests.cpp">
      <Filter>Source Files</Filter>
    </ClCompile>
    <ClCompile Include="..\DocumentEditor\Image.cpp">
      <Filter>Source Files</Filter>
    </ClCompile>
    <ClCompile Include="..\DocumentEditor\DocumentItem.cpp">
      <Filter>Source Files</Filter>
    </ClCompile>
    <ClCompile Include="..\DocumentEditor\ConstDocumentItem.cpp">
      <Filter>Source Files</Filter>
    </ClCompile>
    <ClCompile Include="..\DocumentEditor\InsertItemCommand.cpp">
      <Filter>Source Files</Filter>
    </ClCompile>
    <ClCompile Include="..\DocumentEditor\ResizeCommand.cpp">
      <Filter>Source Files</Filter>
    </ClCompile>
    <ClCompile Include="..\DocumentEditor\DeleteItemCommand.cpp">
      <Filter>Source Files</Filter>
    </ClCompile>
    <ClCompile Include="..\DocumentEditor\HtmlConverter.cpp">
      <Filter>Source Files</Filter>
    </ClCompile>
    <ClCompile Include="..\DocumentEditor\HistoryAdapter.cpp">
      <Filter>Source Files</Filter>
    </ClCompile>
  </ItemGroup>
  <ItemGroup>
    <ClInclude Include="stdafx.h">
      <Filter>Header Files</Filter>
    </ClInclude>
    <ClInclude Include="..\DocumentEditor\Document.h">
      <Filter>Header Files</Filter>
    </ClInclude>
    <ClInclude Include="..\DocumentEditor\History.h">
      <Filter>Header Files</Filter>
    </ClInclude>
    <ClInclude Include="..\DocumentEditor\ChangeStringCommand.h">
      <Filter>Header Files</Filter>
    </ClInclude>
    <ClInclude Include="..\DocumentEditor\AbstractCommand.h">
      <Filter>Header Files</Filter>
    </ClInclude>
    <ClInclude Include="..\DocumentEditor\Paragraph.h">
      <Filter>Header Files</Filter>
    </ClInclude>
    <ClInclude Include="..\DocumentEditor\Image.h">
      <Filter>Header Files</Filter>
    </ClInclude>
    <ClInclude Include="..\DocumentEditor\IImage.h">
      <Filter>Header Files</Filter>
    </ClInclude>
    <ClInclude Include="..\DocumentEditor\DocumentItem.h">
      <Filter>Header Files</Filter>
    </ClInclude>
    <ClInclude Include="..\DocumentEditor\ConstDocumentItem.h">
      <Filter>Header Files</Filter>
    </ClInclude>
    <ClInclude Include="..\DocumentEditor\ResizeCommand.h">
      <Filter>Header Files</Filter>
    </ClInclude>
    <ClInclude Include="..\DocumentEditor\InsertItemCommand.h">
      <Filter>Header Files</Filter>
    </ClInclude>
    <ClInclude Include="..\DocumentEditor\DeleteItemCommand.h">
      <Filter>Header Files</Filter>
    </ClInclude>
    <ClInclude Include="..\DocumentEditor\HtmlConverter.h">
      <Filter>Header Files</Filter>
    </ClInclude>
    <ClInclude Include="MockAdapter.h">
      <Filter>Header Files</Filter>
    </ClInclude>
    <ClInclude Include="..\DocumentEditor\ICommandSink.h">
      <Filter>Header Files</Filter>
    </ClInclude>
    <ClInclude Include="..\DocumentEditor\HistoryAdapter.h">
      <Filter>Header Files</Filter>
    </ClInclude>
  </ItemGroup>
  <ItemGroup>
    <None Include="packages.config" />
  </ItemGroup>
</Project>