
Microsoft Visual Studio Solution File, Format Version 12.00
# Visual Studio Version 16
VisualStudioVersion = 16.0.30523.141
MinimumVisualStudioVersion = 10.0.40219.1
Project("{8BC9CEB8-8B4A-11D0-8D11-00A0C91BC942}") = "Composite", "Composite\Composite.vcxproj", "{825FDF1C-BB04-4BE2-858F-84F7573C632A}"
EndProject
Project("{8BC9CEB8-8B4A-11D0-8D11-00A0C91BC942}") = "CompositeTests", "CompositeTests\CompositeTests.vcxproj", "{5E0362A0-F5B0-4ABF-A908-81968C6F7D20}"
EndProject
Global
	GlobalSection(SolutionConfigurationPlatforms) = preSolution
		Debug|x64 = Debug|x64
		Debug|x86 = Debug|x86
		Release|x64 = Release|x64
		Release|x86 = Release|x86
	EndGlobalSection
	GlobalSection(ProjectConfigurationPlatforms) = postSolution
		{825FDF1C-BB04-4BE2-858F-84F7573C632A}.Debug|x64.ActiveCfg = Debug|x64
		{825FDF1C-BB04-4BE2-858F-84F7573C632A}.Debug|x64.Build.0 = Debug|x64
		{825FDF1C-BB04-4BE2-858F-84F7573C632A}.Debug|x86.ActiveCfg = Debug|Win32
		{825FDF1C-BB04-4BE2-858F-84F7573C632A}.Debug|x86.Build.0 = Debug|Win32
		{825FDF1C-BB04-4BE2-858F-84F7573C632A}.Release|x64.ActiveCfg = Release|x64
		{825FDF1C-BB04-4BE2-858F-84F7573C632A}.Release|x64.Build.0 = Release|x64
		{825FDF1C-BB04-4BE2-858F-84F7573C632A}.Release|x86.ActiveCfg = Release|Win32
		{825FDF1C-BB04-4BE2-858F-84F7573C632A}.Release|x86.Build.0 = Release|Win32
		{5E0362A0-F5B0-4ABF-A908-81968C6F7D20}.Debug|x64.ActiveCfg = Debug|x64
		{5E0362A0-F5B0-4ABF-A908-81968C6F7D20}.Debug|x64.Build.0 = Debug|x64
		{5E0362A0-F5B0-4ABF-A908-81968C6F7D20}.Debug|x86.ActiveCfg = Debug|Win32
		{5E0362A0-F5B0-4ABF-A908-81968C6F7D20}.Debug|x86.Build.0 = Debug|Win32
		{5E0362A0-F5B0-4ABF-A908-81968C6F7D20}.Release|x64.ActiveCfg = Release|x64
		{5E0362A0-F5B0-4ABF-A908-81968C6F7D20}.Release|x64.Build.0 = Release|x64
		{5E0362A0-F5B0-4ABF-A908-81968C6F7D20}.Release|x86.ActiveCfg = Release|Win32
		{5E0362A0-F5B0-4ABF-A908-81968C6F7D20}.Release|x86.Build.0 = Release|Win32
	EndGlobalSection
	GlobalSection(SolutionProperties) = preSolution
		HideSolutionNode = FALSE
	EndGlobalSection
	GlobalSection(ExtensibilityGlobals) = postSolution
		SolutionGuid = {DBC8915A-184A-4D49-8032-50AFEE5417FE}
	EndGlobalSection
EndGlobal
